{
  "pins" : [
    {
      "identity" : "chameleon",
      "kind" : "remoteSourceControl",
      "location" : "https://github.com/dwsdolce/Chameleon.git",
      "state" : {
        "branch" : "master",
        "revision" : "8cc4d9d2c707a81c8bb8f52e5fae7b89069fe97c"
      }
    },
    {
      "identity" : "realm-core",
      "kind" : "remoteSourceControl",
      "location" : "https://github.com/realm/realm-core.git",
      "state" : {
        "revision" : "a7d486d07b821e28ffd3587e99355a63148cbb43",
        "version" : "13.4.1"
      }
    },
    {
      "identity" : "realm-swift",
      "kind" : "remoteSourceControl",
      "location" : "https://github.com/realm/realm-swift.git",
      "state" : {
        "revision" : "4d55ba88e78ed427eae439e7c15fac2372f95c64",
        "version" : "10.36.0"
      }
    },
    {
      "identity" : "swipecellkit",
      "kind" : "remoteSourceControl",
      "location" : "https://github.com/SwipeCellKit/SwipeCellKit.git",
      "state" : {
        "revision" : "7219cad3098637176ace311510d11467dbfb9bb0",
        "version" : "2.7.1"
      }
    }
  ],
  "version" : 2
}
